{
  "version": 4,
  "terraform_version": "1.0.0",
  "serial": 5,
  "lineage": "019a27e3-b4b9-9c1c-e04f-d29eec9d8494",
  "outputs": {},
  "resources": [
    {
      "mode": "managed",
      "type": "azurerm_container_group",
      "name": "tf_cg_sampleapi",
      "provider": "provider[\"registry.terraform.io/hashicorp/azurerm\"]",
      "instances": [
        {
          "schema_version": 0,
          "attributes": {
            "container": [
              {
                "commands": [],
                "cpu": 1,
                "environment_variables": null,
                "gpu": [],
                "image": "souravkar/sampleapi:v1.0.0",
                "liveness_probe": [],
                "memory": 1,
                "name": "sampleapi",
                "ports": [
                  {
                    "port": 80,
                    "protocol": "TCP"
                  }
                ],
                "readiness_probe": [],
                "secure_environment_variables": null,
                "volume": []
              }
            ],
            "diagnostics": [],
            "dns_config": [],
            "dns_name_label": "sampleapitf",
            "fqdn": "sampleapitf.eastus.azurecontainer.io",
            "id": "/subscriptions/e3852888-b6bb-4048-ac92-1439dd471cd7/resourceGroups/souravkartfrg/providers/Microsoft.ContainerInstance/containerGroups/cg_sampleapi",
            "identity": [],
            "image_registry_credential": [],
            "ip_address": "20.75.192.70",
            "ip_address_type": "Public",
            "location": "eastus",
            "name": "cg_sampleapi",
            "network_profile_id": null,
            "os_type": "Linux",
            "resource_group_name": "souravkartfrg",
            "restart_policy": "Always",
            "tags": null,
            "timeouts": null
          },
          "sensitive_attributes": [],
          "private": "eyJlMmJmYjczMC1lY2FhLTExZTYtOGY4OC0zNDM2M2JjN2M0YzAiOnsiY3JlYXRlIjoxODAwMDAwMDAwMDAwLCJkZWxldGUiOjE4MDAwMDAwMDAwMDAsInJlYWQiOjMwMDAwMDAwMDAwMCwidXBkYXRlIjoxODAwMDAwMDAwMDAwfX0=",
          "dependencies": [
            "azurerm_resource_group.tf_rg_sampleapi"
          ]
        }
      ]
    },
    {
      "mode": "managed",
      "type": "azurerm_resource_group",
      "name": "tf_rg_sampleapi",
      "provider": "provider[\"registry.terraform.io/hashicorp/azurerm\"]",
      "instances": [
        {
          "schema_version": 0,
          "attributes": {
            "id": "/subscriptions/e3852888-b6bb-4048-ac92-1439dd471cd7/resourceGroups/souravkartfrg",
            "location": "eastus",
            "name": "souravkartfrg",
            "tags": {},
            "timeouts": null
          },
          "sensitive_attributes": [],
          "private": "eyJlMmJmYjczMC1lY2FhLTExZTYtOGY4OC0zNDM2M2JjN2M0YzAiOnsiY3JlYXRlIjo1NDAwMDAwMDAwMDAwLCJkZWxldGUiOjU0MDAwMDAwMDAwMDAsInJlYWQiOjMwMDAwMDAwMDAwMCwidXBkYXRlIjo1NDAwMDAwMDAwMDAwfX0="
        }
      ]
    }
  ]
}
